
Microsoft Visual Studio Solution File, Format Version 12.00
# Visual Studio Version 16
VisualStudioVersion = 16.0.29728.190
MinimumVisualStudioVersion = 10.0.40219.1
Project("{FAE04EC0-301F-11D3-BF4B-00C04F79EFBC}") = "Contraly.Portal.Business", "Contraly.Portal.Business\Contraly.Portal.Business.csproj", "{3DB1A9AE-FFD1-4D22-B20B-2986DFAC9D4B}"
EndProject
Project("{FAE04EC0-301F-11D3-BF4B-00C04F79EFBC}") = "Contraly.Portal.Core", "Contraly.Portal.Core\Contraly.Portal.Core.csproj", "{1490E483-25E3-4FF1-A252-EAF920FD6626}"
EndProject
Project("{FAE04EC0-301F-11D3-BF4B-00C04F79EFBC}") = "Contraly.Portal.Data", "Contraly.Portal.Data\Contraly.Portal.Data.csproj", "{C9F25510-6280-4C56-9EEA-081AC0D4FD7B}"
EndProject
Project("{FAE04EC0-301F-11D3-BF4B-00C04F79EFBC}") = "Contraly.Portal.Data.EntityFramework", "Contraly.Portal.Data.EntityFramework\Contraly.Portal.Data.EntityFramework.csproj", "{6231264B-4DAD-4C6B-A184-1D5C8FF5B95E}"
EndProject
Project("{FAE04EC0-301F-11D3-BF4B-00C04F79EFBC}") = "Contraly.Portal.Api", "Contraly.Portal.Api\Contraly.Portal.Api.csproj", "{1ECE6815-51D0-4628-8AC8-CD2025D82171}"
EndProject
Global
	GlobalSection(SolutionConfigurationPlatforms) = preSolution
		Debug|Any CPU = Debug|Any CPU
		Release|Any CPU = Release|Any CPU
	EndGlobalSection
	GlobalSection(ProjectConfigurationPlatforms) = postSolution
		{3DB1A9AE-FFD1-4D22-B20B-2986DFAC9D4B}.Debug|Any CPU.ActiveCfg = Debug|Any CPU
		{3DB1A9AE-FFD1-4D22-B20B-2986DFAC9D4B}.Debug|Any CPU.Build.0 = Debug|Any CPU
		{3DB1A9AE-FFD1-4D22-B20B-2986DFAC9D4B}.Release|Any CPU.ActiveCfg = Release|Any CPU
		{3DB1A9AE-FFD1-4D22-B20B-2986DFAC9D4B}.Release|Any CPU.Build.0 = Release|Any CPU
		{1490E483-25E3-4FF1-A252-EAF920FD6626}.Debug|Any CPU.ActiveCfg = Debug|Any CPU
		{1490E483-25E3-4FF1-A252-EAF920FD6626}.Debug|Any CPU.Build.0 = Debug|Any CPU
		{1490E483-25E3-4FF1-A252-EAF920FD6626}.Release|Any CPU.ActiveCfg = Release|Any CPU
		{1490E483-25E3-4FF1-A252-EAF920FD6626}.Release|Any CPU.Build.0 = Release|Any CPU
		{C9F25510-6280-4C56-9EEA-081AC0D4FD7B}.Debug|Any CPU.ActiveCfg = Debug|Any CPU
		{C9F25510-6280-4C56-9EEA-081AC0D4FD7B}.Debug|Any CPU.Build.0 = Debug|Any CPU
		{C9F25510-6280-4C56-9EEA-081AC0D4FD7B}.Release|Any CPU.ActiveCfg = Release|Any CPU
		{C9F25510-6280-4C56-9EEA-081AC0D4FD7B}.Release|Any CPU.Build.0 = Release|Any CPU
		{6231264B-4DAD-4C6B-A184-1D5C8FF5B95E}.Debug|Any CPU.ActiveCfg = Debug|Any CPU
		{6231264B-4DAD-4C6B-A184-1D5C8FF5B95E}.Debug|Any CPU.Build.0 = Debug|Any CPU
		{6231264B-4DAD-4C6B-A184-1D5C8FF5B95E}.Release|Any CPU.ActiveCfg = Release|Any CPU
		{6231264B-4DAD-4C6B-A184-1D5C8FF5B95E}.Release|Any CPU.Build.0 = Release|Any CPU
		{1ECE6815-51D0-4628-8AC8-CD2025D82171}.Debug|Any CPU.ActiveCfg = Debug|Any CPU
		{1ECE6815-51D0-4628-8AC8-CD2025D82171}.Debug|Any CPU.Build.0 = Debug|Any CPU
		{1ECE6815-51D0-4628-8AC8-CD2025D82171}.Release|Any CPU.ActiveCfg = Release|Any CPU
		{1ECE6815-51D0-4628-8AC8-CD2025D82171}.Release|Any CPU.Build.0 = Release|Any CPU
	EndGlobalSection
	GlobalSection(SolutionProperties) = preSolution
		HideSolutionNode = FALSE
	EndGlobalSection
	GlobalSection(ExtensibilityGlobals) = postSolution
		SolutionGuid = {B2040932-F5CE-4F50-AE8B-5E30D78D7359}
	EndGlobalSection
EndGlobal
